
Microsoft Visual Studio Solution File, Format Version 12.00
Project("{FAE04EC0-301F-11D3-BF4B-00C04F79EFBC}") = "AwesomeShop.Services.Payments.Api", "AwesomeShop.Services.Payments.Api\AwesomeShop.Services.Payments.Api.csproj", "{0EF9C103-A66C-4E81-BBDD-50FA60BC4A99}"
EndProject
Global
	GlobalSection(SolutionConfigurationPlatforms) = preSolution
		Debug|Any CPU = Debug|Any CPU
		Release|Any CPU = Release|Any CPU
	EndGlobalSection
	GlobalSection(ProjectConfigurationPlatforms) = postSolution
		{0EF9C103-A66C-4E81-BBDD-50FA60BC4A99}.Debug|Any CPU.ActiveCfg = Debug|Any CPU
		{0EF9C103-A66C-4E81-BBDD-50FA60BC4A99}.Debug|Any CPU.Build.0 = Debug|Any CPU
		{0EF9C103-A66C-4E81-BBDD-50FA60BC4A99}.Release|Any CPU.ActiveCfg = Release|Any CPU
		{0EF9C103-A66C-4E81-BBDD-50FA60BC4A99}.Release|Any CPU.Build.0 = Release|Any CPU
	EndGlobalSection
EndGlobal
